
Microsoft Visual Studio Solution File, Format Version 12.00
# Visual Studio Version 16
VisualStudioVersion = 16.0.32630.194
MinimumVisualStudioVersion = 10.0.40219.1
Project("{FAE04EC0-301F-11D3-BF4B-00C04F79EFBC}") = "Tanodi-DesafioFinal", "Tanodi-DesafioFinal.csproj", "{7AD12A00-8316-44D2-BB7F-15664B0D8D72}"
EndProject
Global
	GlobalSection(SolutionConfigurationPlatforms) = preSolution
		Debug|Any CPU = Debug|Any CPU
		Release|Any CPU = Release|Any CPU
	EndGlobalSection
	GlobalSection(ProjectConfigurationPlatforms) = postSolution
		{7AD12A00-8316-44D2-BB7F-15664B0D8D72}.Debug|Any CPU.ActiveCfg = Debug|Any CPU
		{7AD12A00-8316-44D2-BB7F-15664B0D8D72}.Debug|Any CPU.Build.0 = Debug|Any CPU
		{7AD12A00-8316-44D2-BB7F-15664B0D8D72}.Release|Any CPU.ActiveCfg = Release|Any CPU
		{7AD12A00-8316-44D2-BB7F-15664B0D8D72}.Release|Any CPU.Build.0 = Release|Any CPU
	EndGlobalSection
	GlobalSection(SolutionProperties) = preSolution
		HideSolutionNode = FALSE
	EndGlobalSection
	GlobalSection(ExtensibilityGlobals) = postSolution
		SolutionGuid = {590C0B2A-0EA6-4D24-9A0A-31206434055E}
	EndGlobalSection
EndGlobal
